// !$*UTF8*$!
{
	archiveVersion = 1;
	classes = {
	};
	objectVersion = 50;
	objects = {

/* Begin PBXBuildFile section */
		F98ACEF72629A7C8000E36D4 /* AppDelegate.swift in Sources */ = {isa = PBXBuildFile; fileRef = F98ACEF62629A7C8000E36D4 /* AppDelegate.swift */; };
		F98ACEF92629A7C8000E36D4 /* SceneDelegate.swift in Sources */ = {isa = PBXBuildFile; fileRef = F98ACEF82629A7C8000E36D4 /* SceneDelegate.swift */; };
		F98ACEFB2629A7C8000E36D4 /* ViewController.swift in Sources */ = {isa = PBXBuildFile; fileRef = F98ACEFA2629A7C8000E36D4 /* ViewController.swift */; };
		F98ACEFE2629A7C8000E36D4 /* Main.storyboard in Resources */ = {isa = PBXBuildFile; fileRef = F98ACEFC2629A7C8000E36D4 /* Main.storyboard */; };
		F98ACF002629A7C9000E36D4 /* Assets.xcassets in Resources */ = {isa = PBXBuildFile; fileRef = F98ACEFF2629A7C9000E36D4 /* Assets.xcassets */; };
		F98ACF032629A7C9000E36D4 /* LaunchScreen.storyboard in Resources */ = {isa = PBXBuildFile; fileRef = F98ACF012629A7C9000E36D4 /* LaunchScreen.storyboard */; };
		F98ACF0C2629A7E1000E36D4 /* NavigationViewController.swift in Sources */ = {isa = PBXBuildFile; fileRef = F98ACF0B2629A7E1000E36D4 /* NavigationViewController.swift */; };
/* End PBXBuildFile section */

/* Begin PBXFileReference section */
		F98ACEF32629A7C8000E36D4 /* Example_SwipeBackDetection.app */ = {isa = PBXFileReference; explicitFileType = wrapper.application; includeInIndex = 0; path = Example_SwipeBackDetection.app; sourceTree = BUILT_PRODUCTS_DIR; };
		F98ACEF62629A7C8000E36D4 /* AppDelegate.swift */ = {isa = PBXFileReference; lastKnownFileType = sourcecode.swift; path = AppDelegate.swift; sourceTree = "<group>"; };
		F98ACEF82629A7C8000E36D4 /* SceneDelegate.swift */ = {isa = PBXFileReference; lastKnownFileType = sourcecode.swift; path = SceneDelegate.swift; sourceTree = "<group>"; };
		F98ACEFA2629A7C8000E36D4 /* ViewController.swift */ = {isa = PBXFileReference; lastKnownFileType = sourcecode.swift; path = ViewController.swift; sourceTree = "<group>"; };
		F98ACEFD2629A7C8000E36D4 /* Base */ = {isa = PBXFileReference; lastKnownFileType = file.storyboard; name = Base; path = Base.lproj/Main.storyboard; sourceTree = "<group>"; };
		F98ACEFF2629A7C9000E36D4 /* Assets.xcassets */ = {isa = PBXFileReference; lastKnownFileType = folder.assetcatalog; path = Assets.xcassets; sourceTree = "<group>"; };
		F98ACF022629A7C9000E36D4 /* Base */ = {isa = PBXFileReference; lastKnownFileType = file.storyboard; name = Base; path = Base.lproj/LaunchScreen.storyboard; sourceTree = "<group>"; };
		F98ACF042629A7C9000E36D4 /* Info.plist */ = {isa = PBXFileReference; lastKnownFileType = text.plist.xml; path = Info.plist; sourceTree = "<group>"; };
		F98ACF0B2629A7E1000E36D4 /* NavigationViewController.swift */ = {isa = PBXFileReference; lastKnownFileType = sourcecode.swift; path = NavigationViewController.swift; sourceTree = "<group>"; };
/* End PBXFileReference section */

/* Begin PBXFrameworksBuildPhase section */
		F98ACEF02629A7C8000E36D4 /* Frameworks */ = {
			isa = PBXFrameworksBuildPhase;
			buildActionMask = 2147483647;
			files = (
			);
			runOnlyForDeploymentPostprocessing = 0;
		};
/* End PBXFrameworksBuildPhase section */

/* Begin PBXGroup section */
		F98ACEEA2629A7C8000E36D4 = {
			isa = PBXGroup;
			children = (
				F98ACEF52629A7C8000E36D4 /* Example_SwipeBackDetection */,
				F98ACEF42629A7C8000E36D4 /* Products */,
			);
			sourceTree = "<group>";
		};
		F98ACEF42629A7C8000E36D4 /* Products */ = {
			isa = PBXGroup;
			children = (
				F98ACEF32629A7C8000E36D4 /* Example_SwipeBackDetection.app */,
			);
			name = Products;
			sourceTree = "<group>";
		};
		F98ACEF52629A7C8000E36D4 /* Example_SwipeBackDetection */ = {
			isa = PBXGroup;
			children = (
				F98ACEF62629A7C8000E36D4 /* AppDelegate.swift */,
				F98ACEF82629A7C8000E36D4 /* SceneDelegate.swift */,
				F98ACEFA2629A7C8000E36D4 /* ViewController.swift */,
				F98ACF0B2629A7E1000E36D4 /* NavigationViewController.swift */,
				F98ACEFC2629A7C8000E36D4 /* Main.storyboard */,
				F98ACEFF2629A7C9000E36D4 /* Assets.xcassets */,
				F98ACF012629A7C9000E36D4 /* LaunchScreen.storyboard */,
				F98ACF042629A7C9000E36D4 /* Info.plist */,
			);
			path = Example_SwipeBackDetection;
			sourceTree = "<group>";
		};
/* End PBXGroup section */

/* Begin PBXNativeTarget section */
		F98ACEF22629A7C8000E36D4 /* Example_SwipeBackDetection */ = {
			isa = PBXNativeTarget;
			buildConfigurationList = F98ACF072629A7C9000E36D4 /* Build configuration list for PBXNativeTarget "Example_SwipeBackDetection" */;
			buildPhases = (
				F98ACEEF2629A7C8000E36D4 /* Sources */,
				F98ACEF02629A7C8000E36D4 /* Frameworks */,
				F98ACEF12629A7C8000E36D4 /* Resources */,
			);
			buildRules = (
			);
			dependencies = (
			);
			name = Example_SwipeBackDetection;
			productName = Example_SwipeBackDetection;
			productReference = F98ACEF32629A7C8000E36D4 /* Example_SwipeBackDetection.app */;
			productType = "com.apple.product-type.application";
		};
/* End PBXNativeTarget section */

/* Begin PBXProject section */
		F98ACEEB2629A7C8000E36D4 /* Project object */ = {
			isa = PBXProject;
			attributes = {
				LastSwiftUpdateCheck = 1240;
				LastUpgradeCheck = 1240;
				TargetAttributes = {
					F98ACEF22629A7C8000E36D4 = {
						CreatedOnToolsVersion = 12.4;
					};
				};
			};
			buildConfigurationList = F98ACEEE2629A7C8000E36D4 /* Build configuration list for PBXProject "Example_SwipeBackDetection" */;
			compatibilityVersion = "Xcode 9.3";
			developmentRegion = en;
			hasScannedForEncodings = 0;
			knownRegions = (
				en,
				Base,
			);
			mainGroup = F98ACEEA2629A7C8000E36D4;
			productRefGroup = F98ACEF42629A7C8000E36D4 /* Products */;
			projectDirPath = "";
			projectRoot = "";
			targets = (
				F98ACEF22629A7C8000E36D4 /* Example_SwipeBackDetection */,
			);
		};
/* End PBXProject section */

/* Begin PBXResourcesBuildPhase section */
		F98ACEF12629A7C8000E36D4 /* Resources */ = {
			isa = PBXResourcesBuildPhase;
			buildActionMask = 2147483647;
			files = (
				F98ACF032629A7C9000E36D4 /* LaunchScreen.storyboard in Resources */,
				F98ACF002629A7C9000E36D4 /* Assets.xcassets in Resources */,
				F98ACEFE2629A7C8000E36D4 /* Main.storyboard in Resources */,
			);
			runOnlyForDeploymentPostprocessing = 0;
		};
/* End PBXResourcesBuildPhase section */

/* Begin PBXSourcesBuildPhase section */
		F98ACEEF2629A7C8000E36D4 /* Sources */ = {
			isa = PBXSourcesBuildPhase;
			buildActionMask = 2147483647;
			files = (
				F98ACF0C2629A7E1000E36D4 /* NavigationViewController.swift in Sources */,
				F98ACEFB2629A7C8000E36D4 /* ViewController.swift in Sources */,
				F98ACEF72629A7C8000E36D4 /* AppDelegate.swift in Sources */,
				F98ACEF92629A7C8000E36D4 /* SceneDelegate.swift in Sources */,
			);
			runOnlyForDeploymentPostprocessing = 0;
		};
/* End PBXSourcesBuildPhase section */

/* Begin PBXVariantGroup section */
		F98ACEFC2629A7C8000E36D4 /* Main.storyboard */ = {
			isa = PBXVariantGroup;
			children = (
				F98ACEFD2629A7C8000E36D4 /* Base */,
			);
			name = Main.storyboard;
			sourceTree = "<group>";
		};
		F98ACF012629A7C9000E36D4 /* LaunchScreen.storyboard */ = {
			isa = PBXVariantGroup;
			children = (
				F98ACF022629A7C9000E36D4 /* Base */,
			);
			name = LaunchScreen.storyboard;
			sourceTree = "<group>";
		};
/* End PBXVariantGroup section */

/* Begin XCBuildConfiguration section */
		F98ACF052629A7C9000E36D4 /* Debug */ = {
			isa = XCBuildConfiguration;
			buildSettings = {
				ALWAYS_SEARCH_USER_PATHS = NO;
				CLANG_ANALYZER_NONNULL = YES;
				CLANG_ANALYZER_NUMBER_OBJECT_CONVERSION = YES_AGGRESSIVE;
				CLANG_CXX_LANGUAGE_STANDARD = "gnu++14";
				CLANG_CXX_LIBRARY = "libc++";
				CLANG_ENABLE_MODULES = YES;
				CLANG_ENABLE_OBJC_ARC = YES;
				CLANG_ENABLE_OBJC_WEAK = YES;
				CLANG_WARN_BLOCK_CAPTURE_AUTORELEASING = YES;
				CLANG_WARN_BOOL_CONVERSION = YES;
				CLANG_WARN_COMMA = YES;
				CLANG_WARN_CONSTANT_CONVERSION = YES;
				CLANG_WARN_DEPRECATED_OBJC_IMPLEMENTATIONS = YES;
				CLANG_WARN_DIRECT_OBJC_ISA_USAGE = YES_ERROR;
				CLANG_WARN_DOCUMENTATION_COMMENTS = YES;
				CLANG_WARN_EMPTY_BODY = YES;
				CLANG_WARN_ENUM_CONVERSION = YES;
				CLANG_WARN_INFINITE_RECURSION = YES;
				CLANG_WARN_INT_CONVERSION = YES;
				CLANG_WARN_NON_LITERAL_NULL_CONVERSION = YES;
				CLANG_WARN_OBJC_IMPLICIT_RETAIN_SELF = YES;
				CLANG_WARN_OBJC_LITERAL_CONVERSION = YES;
				CLANG_WARN_OBJC_ROOT_CLASS = YES_ERROR;
				CLANG_WARN_QUOTED_INCLUDE_IN_FRAMEWORK_HEADER = YES;
				CLANG_WARN_RANGE_LOOP_ANALYSIS = YES;
				CLANG_WARN_STRICT_PROTOTYPES = YES;
				CLANG_WARN_SUSPICIOUS_MOVE = YES;
				CLANG_WARN_UNGUARDED_AVAILABILITY = YES_AGGRESSIVE;
				CLANG_WARN_UNREACHABLE_CODE = YES;
				CLANG_WARN__DUPLICATE_METHOD_MATCH = YES;
				COPY_PHASE_STRIP = NO;
				DEBUG_INFORMATION_FORMAT = dwarf;
				ENABLE_STRICT_OBJC_MSGSEND = YES;
				ENABLE_TESTABILITY = YES;
				GCC_C_LANGUAGE_STANDARD = gnu11;
				GCC_DYNAMIC_NO_PIC = NO;
				GCC_NO_COMMON_BLOCKS = YES;
				GCC_OPTIMIZATION_LEVEL = 0;
				GCC_PREPROCESSOR_DEFINITIONS = (
					"DEBUG=1",
					"$(inherited)",
				);
				GCC_WARN_64_TO_32_BIT_CONVERSION = YES;
				GCC_WARN_ABOUT_RETURN_TYPE = YES_ERROR;
				GCC_WARN_UNDECLARED_SELECTOR = YES;
				GCC_WARN_UNINITIALIZED_AUTOS = YES_AGGRESSIVE;
				GCC_WARN_UNUSED_FUNCTION = YES;
				GCC_WARN_UNUSED_VARIABLE = YES;
				IPHONEOS_DEPLOYMENT_TARGET = 14.4;
				MTL_ENABLE_DEBUG_INFO = INCLUDE_SOURCE;
				MTL_FAST_MATH = YES;
				ONLY_ACTIVE_ARCH = YES;
				SDKROOT = iphoneos;
				SWIFT_ACTIVE_COMPILATION_CONDITIONS = DEBUG;
				SWIFT_OPTIMIZATION_LEVEL = "-Onone";
			};
			name = Debug;
		};
		F98ACF062629A7C9000E36D4 /* Release */ = {
			isa = XCBuildConfiguration;
			buildSettings = {
				ALWAYS_SEARCH_USER_PATHS = NO;
				CLANG_ANALYZER_NONNULL = YES;
				CLANG_ANALYZER_NUMBER_OBJECT_CONVERSION = YES_AGGRESSIVE;
				CLANG_CXX_LANGUAGE_STANDARD = "gnu++14";
				CLANG_CXX_LIBRARY = "libc++";
				CLANG_ENABLE_MODULES = YES;
				CLANG_ENABLE_OBJC_ARC = YES;
				CLANG_ENABLE_OBJC_WEAK = YES;
				CLANG_WARN_BLOCK_CAPTURE_AUTORELEASING = YES;
				CLANG_WARN_BOOL_CONVERSION = YES;
				CLANG_WARN_COMMA = YES;
				CLANG_WARN_CONSTANT_CONVERSION = YES;
				CLANG_WARN_DEPRECATED_OBJC_IMPLEMENTATIONS = YES;
				CLANG_WARN_DIRECT_OBJC_ISA_USAGE = YES_ERROR;
				CLANG_WARN_DOCUMENTATION_COMMENTS = YES;
				CLANG_WARN_EMPTY_BODY = YES;
				CLANG_WARN_ENUM_CONVERSION = YES;
				CLANG_WARN_INFINITE_RECURSION = YES;
				CLANG_WARN_INT_CONVERSION = YES;
				CLANG_WARN_NON_LITERAL_NULL_CONVERSION = YES;
				CLANG_WARN_OBJC_IMPLICIT_RETAIN_SELF = YES;
				CLANG_WARN_OBJC_LITERAL_CONVERSION = YES;
				CLANG_WARN_OBJC_ROOT_CLASS = YES_ERROR;
				CLANG_WARN_QUOTED_INCLUDE_IN_FRAMEWORK_HEADER = YES;
				CLANG_WARN_RANGE_LOOP_ANALYSIS = YES;
				CLANG_WARN_STRICT_PROTOTYPES = YES;
				CLANG_WARN_SUSPICIOUS_MOVE = YES;
				CLANG_WARN_UNGUARDED_AVAILABILITY = YES_AGGRESSIVE;
				CLANG_WARN_UNREACHABLE_CODE = YES;
				CLANG_WARN__DUPLICATE_METHOD_MATCH = YES;
				COPY_PHASE_STRIP = NO;
				DEBUG_INFORMATION_FORMAT = "dwarf-with-dsym";
				ENABLE_NS_ASSERTIONS = NO;
				ENABLE_STRICT_OBJC_MSGSEND = YES;
				GCC_C_LANGUAGE_STANDARD = gnu11;
				GCC_NO_COMMON_BLOCKS = YES;
				GCC_WARN_64_TO_32_BIT_CONVERSION = YES;
				GCC_WARN_ABOUT_RETURN_TYPE = YES_ERROR;
				GCC_WARN_UNDECLARED_SELECTOR = YES;
				GCC_WARN_UNINITIALIZED_AUTOS = YES_AGGRESSIVE;
				GCC_WARN_UNUSED_FUNCTION = YES;
				GCC_WARN_UNUSED_VARIABLE = YES;
				IPHONEOS_DEPLOYMENT_TARGET = 14.4;
				MTL_ENABLE_DEBUG_INFO = NO;
				MTL_FAST_MATH = YES;
				SDKROOT = iphoneos;
				SWIFT_COMPILATION_MODE = wholemodule;
				SWIFT_OPTIMIZATION_LEVEL = "-O";
				VALIDATE_PRODUCT = YES;
			};
			name = Release;
		};
		F98ACF082629A7C9000E36D4 /* Debug */ = {
			isa = XCBuildConfiguration;
			buildSettings = {
				ASSETCATALOG_COMPILER_APPICON_NAME = AppIcon;
				ASSETCATALOG_COMPILER_GLOBAL_ACCENT_COLOR_NAME = AccentColor;
				CODE_SIGN_STYLE = Automatic;
				DEVELOPMENT_TEAM = 4YL8LS5ZJC;
				INFOPLIST_FILE = Example_SwipeBackDetection/Info.plist;
				LD_RUNPATH_SEARCH_PATHS = (
					"$(inherited)",
					"@executable_path/Frameworks",
				);
				PRODUCT_BUNDLE_IDENTIFIER = "com.statios.Example-SwipeBackDetection";
				PRODUCT_NAME = "$(TARGET_NAME)";
				SWIFT_VERSION = 5.0;
				TARGETED_DEVICE_FAMILY = "1,2";
			};
			name = Debug;
		};
		F98ACF092629A7C9000E36D4 /* Release */ = {
			isa = XCBuildConfiguration;
			buildSettings = {
				ASSETCATALOG_COMPILER_APPICON_NAME = AppIcon;
				ASSETCATALOG_COMPILER_GLOBAL_ACCENT_COLOR_NAME = AccentColor;
				CODE_SIGN_STYLE = Automatic;
				DEVELOPMENT_TEAM = 4YL8LS5ZJC;
				INFOPLIST_FILE = Example_SwipeBackDetection/Info.plist;
				LD_RUNPATH_SEARCH_PATHS = (
					"$(inherited)",
					"@executable_path/Frameworks",
				);
				PRODUCT_BUNDLE_IDENTIFIER = "com.statios.Example-SwipeBackDetection";
				PRODUCT_NAME = "$(TARGET_NAME)";
				SWIFT_VERSION = 5.0;
				TARGETED_DEVICE_FAMILY = "1,2";
			};
			name = Release;
		};
/* End XCBuildConfiguration section */

/* Begin XCConfigurationList section */
		F98ACEEE2629A7C8000E36D4 /* Build configuration list for PBXProject "Example_SwipeBackDetection" */ = {
			isa = XCConfigurationList;
			buildConfigurations = (
				F98ACF052629A7C9000E36D4 /* Debug */,
				F98ACF062629A7C9000E36D4 /* Release */,
			);
			defaultConfigurationIsVisible = 0;
			defaultConfigurationName = Release;
		};
		F98ACF072629A7C9000E36D4 /* Build configuration list for PBXNativeTarget "Example_SwipeBackDetection" */ = {
			isa = XCConfigurationList;
			buildConfigurations = (
				F98ACF082629A7C9000E36D4 /* Debug */,
				F98ACF092629A7C9000E36D4 /* Release */,
			);
			defaultConfigurationIsVisible = 0;
			defaultConfigurationName = Release;
		};
/* End XCConfigurationList section */
	};
	rootObject = F98ACEEB2629A7C8000E36D4 /* Project object */;
}
